// !$*UTF8*$!
{
	archiveVersion = 1;
	classes = {
	};
	objectVersion = 51;
	objects = {

/* Begin PBXBuildFile section */
		0A62568B23ACF79E4EA6D410 /* Pods_iOSChatApp.framework in Frameworks */ = {isa = PBXBuildFile; fileRef = 8D32435B6CF41138EBC65A4B /* Pods_iOSChatApp.framework */; };
		3402AE472600BDB00085B26B /* ChatBubble.swift in Sources */ = {isa = PBXBuildFile; fileRef = 3402AE462600BDB00085B26B /* ChatBubble.swift */; };
		341855C625FC8CDA0085EDDB /* iOSChatAppApp.swift in Sources */ = {isa = PBXBuildFile; fileRef = 341855C525FC8CDA0085EDDB /* iOSChatAppApp.swift */; };
		341855C825FC8CDA0085EDDB /* GuildListView.swift in Sources */ = {isa = PBXBuildFile; fileRef = 341855C725FC8CDA0085EDDB /* GuildListView.swift */; };
		341855CA25FC8CDC0085EDDB /* Assets.xcassets in Resources */ = {isa = PBXBuildFile; fileRef = 341855C925FC8CDC0085EDDB /* Assets.xcassets */; };
		341855CD25FC8CDC0085EDDB /* Preview Assets.xcassets in Resources */ = {isa = PBXBuildFile; fileRef = 341855CC25FC8CDC0085EDDB /* Preview Assets.xcassets */; };
		34A06F012600110D003B5A49 /* MessageRepository.swift in Sources */ = {isa = PBXBuildFile; fileRef = 34A06F002600110D003B5A49 /* MessageRepository.swift */; };
		34C5E36026010CCA001C2E6A /* EmailRegisterView.swift in Sources */ = {isa = PBXBuildFile; fileRef = 34C5E35F26010CCA001C2E6A /* EmailRegisterView.swift */; };
		34C5E36326010EE8001C2E6A /* UserRepository.swift in Sources */ = {isa = PBXBuildFile; fileRef = 34C5E36226010EE8001C2E6A /* UserRepository.swift */; };
		34C5E36626011036001C2E6A /* AppUser.swift in Sources */ = {isa = PBXBuildFile; fileRef = 34C5E36526011036001C2E6A /* AppUser.swift */; };
		34C5E36A260139B4001C2E6A /* OtherView.swift in Sources */ = {isa = PBXBuildFile; fileRef = 34C5E369260139B4001C2E6A /* OtherView.swift */; };
		34CA84C72600194F007180C2 /* GuildRowView.swift in Sources */ = {isa = PBXBuildFile; fileRef = 34CA84C62600194E007180C2 /* GuildRowView.swift */; };
		34CA84D926007F1C007180C2 /* MessagesView.swift in Sources */ = {isa = PBXBuildFile; fileRef = 34CA84D826007F1C007180C2 /* MessagesView.swift */; };
		34CA84E326008E63007180C2 /* EmailSignInView.swift in Sources */ = {isa = PBXBuildFile; fileRef = 34CA84E226008E63007180C2 /* EmailSignInView.swift */; };
		34CA84EB260090E9007180C2 /* AppView.swift in Sources */ = {isa = PBXBuildFile; fileRef = 34CA84EA260090E9007180C2 /* AppView.swift */; };
		34F58A1525FC99A1004D5970 /* GoogleService-Info.plist in Resources */ = {isa = PBXBuildFile; fileRef = 34F58A1425FC99A1004D5970 /* GoogleService-Info.plist */; };
		34F58A1B25FC9D6C004D5970 /* GuildRepository.swift in Sources */ = {isa = PBXBuildFile; fileRef = 34F58A1A25FC9D6C004D5970 /* GuildRepository.swift */; };
		34F58A2225FC9DB9004D5970 /* Guild.swift in Sources */ = {isa = PBXBuildFile; fileRef = 34F58A2125FC9DB9004D5970 /* Guild.swift */; };
		34F58A2A25FC9F70004D5970 /* Message.swift in Sources */ = {isa = PBXBuildFile; fileRef = 34F58A2925FC9F70004D5970 /* Message.swift */; };
/* End PBXBuildFile section */

/* Begin PBXFileReference section */
		026B908E15225CEE12F32C82 /* Pods_iOSChatApp_iOSChatAppUITests.framework */ = {isa = PBXFileReference; explicitFileType = wrapper.framework; includeInIndex = 0; path = Pods_iOSChatApp_iOSChatAppUITests.framework; sourceTree = BUILT_PRODUCTS_DIR; };
		083C797266CA3EDC43D562FE /* Pods-iOSChatApp-iOSChatAppUITests.release.xcconfig */ = {isa = PBXFileReference; includeInIndex = 1; lastKnownFileType = text.xcconfig; name = "Pods-iOSChatApp-iOSChatAppUITests.release.xcconfig"; path = "Target Support Files/Pods-iOSChatApp-iOSChatAppUITests/Pods-iOSChatApp-iOSChatAppUITests.release.xcconfig"; sourceTree = "<group>"; };
		16D61236403C0F8FD5592F08 /* Pods-iOSChatAppTests.release.xcconfig */ = {isa = PBXFileReference; includeInIndex = 1; lastKnownFileType = text.xcconfig; name = "Pods-iOSChatAppTests.release.xcconfig"; path = "Target Support Files/Pods-iOSChatAppTests/Pods-iOSChatAppTests.release.xcconfig"; sourceTree = "<group>"; };
		3402AE462600BDB00085B26B /* ChatBubble.swift */ = {isa = PBXFileReference; lastKnownFileType = sourcecode.swift; path = ChatBubble.swift; sourceTree = "<group>"; };
		341855C225FC8CDA0085EDDB /* iOSChatApp.app */ = {isa = PBXFileReference; explicitFileType = wrapper.application; includeInIndex = 0; path = iOSChatApp.app; sourceTree = BUILT_PRODUCTS_DIR; };
		341855C525FC8CDA0085EDDB /* iOSChatAppApp.swift */ = {isa = PBXFileReference; lastKnownFileType = sourcecode.swift; path = iOSChatAppApp.swift; sourceTree = "<group>"; };
		341855C725FC8CDA0085EDDB /* GuildListView.swift */ = {isa = PBXFileReference; lastKnownFileType = sourcecode.swift; path = GuildListView.swift; sourceTree = "<group>"; };
		341855C925FC8CDC0085EDDB /* Assets.xcassets */ = {isa = PBXFileReference; lastKnownFileType = folder.assetcatalog; path = Assets.xcassets; sourceTree = "<group>"; };
		341855CC25FC8CDC0085EDDB /* Preview Assets.xcassets */ = {isa = PBXFileReference; lastKnownFileType = folder.assetcatalog; path = "Preview Assets.xcassets"; sourceTree = "<group>"; };
		341855CE25FC8CDC0085EDDB /* Info.plist */ = {isa = PBXFileReference; lastKnownFileType = text.plist.xml; path = Info.plist; sourceTree = "<group>"; };
		34A06F002600110D003B5A49 /* MessageRepository.swift */ = {isa = PBXFileReference; fileEncoding = 4; lastKnownFileType = sourcecode.swift; path = MessageRepository.swift; sourceTree = "<group>"; };
		34C5E35F26010CCA001C2E6A /* EmailRegisterView.swift */ = {isa = PBXFileReference; lastKnownFileType = sourcecode.swift; path = EmailRegisterView.swift; sourceTree = "<group>"; };
		34C5E36226010EE8001C2E6A /* UserRepository.swift */ = {isa = PBXFileReference; lastKnownFileType = sourcecode.swift; path = UserRepository.swift; sourceTree = "<group>"; };
		34C5E36526011036001C2E6A /* AppUser.swift */ = {isa = PBXFileReference; lastKnownFileType = sourcecode.swift; path = AppUser.swift; sourceTree = "<group>"; };
		34C5E369260139B4001C2E6A /* OtherView.swift */ = {isa = PBXFileReference; lastKnownFileType = sourcecode.swift; path = OtherView.swift; sourceTree = "<group>"; };
		34CA84C62600194E007180C2 /* GuildRowView.swift */ = {isa = PBXFileReference; lastKnownFileType = sourcecode.swift; path = GuildRowView.swift; sourceTree = "<group>"; };
		34CA84D826007F1C007180C2 /* MessagesView.swift */ = {isa = PBXFileReference; lastKnownFileType = sourcecode.swift; path = MessagesView.swift; sourceTree = "<group>"; };
		34CA84E226008E63007180C2 /* EmailSignInView.swift */ = {isa = PBXFileReference; lastKnownFileType = sourcecode.swift; path = EmailSignInView.swift; sourceTree = "<group>"; };
		34CA84EA260090E9007180C2 /* AppView.swift */ = {isa = PBXFileReference; lastKnownFileType = sourcecode.swift; path = AppView.swift; sourceTree = "<group>"; };
		34F58A1425FC99A1004D5970 /* GoogleService-Info.plist */ = {isa = PBXFileReference; fileEncoding = 4; lastKnownFileType = text.plist.xml; path = "GoogleService-Info.plist"; sourceTree = "<group>"; };
		34F58A1A25FC9D6C004D5970 /* GuildRepository.swift */ = {isa = PBXFileReference; lastKnownFileType = sourcecode.swift; path = GuildRepository.swift; sourceTree = "<group>"; };
		34F58A2125FC9DB9004D5970 /* Guild.swift */ = {isa = PBXFileReference; lastKnownFileType = sourcecode.swift; path = Guild.swift; sourceTree = "<group>"; };
		34F58A2925FC9F70004D5970 /* Message.swift */ = {isa = PBXFileReference; lastKnownFileType = sourcecode.swift; path = Message.swift; sourceTree = "<group>"; };
		5A48CA1DA609AE224D1376B8 /* Pods-iOSChatApp.release.xcconfig */ = {isa = PBXFileReference; includeInIndex = 1; lastKnownFileType = text.xcconfig; name = "Pods-iOSChatApp.release.xcconfig"; path = "Target Support Files/Pods-iOSChatApp/Pods-iOSChatApp.release.xcconfig"; sourceTree = "<group>"; };
		71097116AF3DAD0825BFD739 /* Pods-iOSChatApp.debug.xcconfig */ = {isa = PBXFileReference; includeInIndex = 1; lastKnownFileType = text.xcconfig; name = "Pods-iOSChatApp.debug.xcconfig"; path = "Target Support Files/Pods-iOSChatApp/Pods-iOSChatApp.debug.xcconfig"; sourceTree = "<group>"; };
		8D32435B6CF41138EBC65A4B /* Pods_iOSChatApp.framework */ = {isa = PBXFileReference; explicitFileType = wrapper.framework; includeInIndex = 0; path = Pods_iOSChatApp.framework; sourceTree = BUILT_PRODUCTS_DIR; };
		8E7C6E2C0F280F4A8EBA7277 /* Pods-iOSChatAppTests.debug.xcconfig */ = {isa = PBXFileReference; includeInIndex = 1; lastKnownFileType = text.xcconfig; name = "Pods-iOSChatAppTests.debug.xcconfig"; path = "Target Support Files/Pods-iOSChatAppTests/Pods-iOSChatAppTests.debug.xcconfig"; sourceTree = "<group>"; };
		95BD198850327EEFD03D1697 /* Pods-iOSChatApp-iOSChatAppUITests.debug.xcconfig */ = {isa = PBXFileReference; includeInIndex = 1; lastKnownFileType = text.xcconfig; name = "Pods-iOSChatApp-iOSChatAppUITests.debug.xcconfig"; path = "Target Support Files/Pods-iOSChatApp-iOSChatAppUITests/Pods-iOSChatApp-iOSChatAppUITests.debug.xcconfig"; sourceTree = "<group>"; };
		B891DFA6853B02F1170C3E34 /* Pods_iOSChatAppTests.framework */ = {isa = PBXFileReference; explicitFileType = wrapper.framework; includeInIndex = 0; path = Pods_iOSChatAppTests.framework; sourceTree = BUILT_PRODUCTS_DIR; };
/* End PBXFileReference section */

/* Begin PBXFrameworksBuildPhase section */
		341855BF25FC8CDA0085EDDB /* Frameworks */ = {
			isa = PBXFrameworksBuildPhase;
			buildActionMask = 2147483647;
			files = (
				0A62568B23ACF79E4EA6D410 /* Pods_iOSChatApp.framework in Frameworks */,
			);
			runOnlyForDeploymentPostprocessing = 0;
		};
/* End PBXFrameworksBuildPhase section */

/* Begin PBXGroup section */
		3402AE4A2600BF800085B26B /* Shapes */ = {
			isa = PBXGroup;
			children = (
				3402AE462600BDB00085B26B /* ChatBubble.swift */,
			);
			path = Shapes;
			sourceTree = "<group>";
		};
		341855B925FC8CDA0085EDDB = {
			isa = PBXGroup;
			children = (
				341855C425FC8CDA0085EDDB /* iOSChatApp */,
				341855C325FC8CDA0085EDDB /* Products */,
				4BFD695A3126B26AEE5830A7 /* Pods */,
				ABBA3E0747C603D5AC520134 /* Frameworks */,
			);
			sourceTree = "<group>";
		};
		341855C325FC8CDA0085EDDB /* Products */ = {
			isa = PBXGroup;
			children = (
				341855C225FC8CDA0085EDDB /* iOSChatApp.app */,
			);
			name = Products;
			sourceTree = "<group>";
		};
		341855C425FC8CDA0085EDDB /* iOSChatApp */ = {
			isa = PBXGroup;
			children = (
				341855C525FC8CDA0085EDDB /* iOSChatAppApp.swift */,
				34CA84EA260090E9007180C2 /* AppView.swift */,
				34CA84D826007F1C007180C2 /* MessagesView.swift */,
				34C5E3682601391E001C2E6A /* TabViews */,
				34CA84C52600191F007180C2 /* RowViews */,
				34CA84E126008E3A007180C2 /* AuthViews */,
				3402AE4A2600BF800085B26B /* Shapes */,
				34F58A1F25FC9D9E004D5970 /* Models */,
				34F58A1925FC9D3E004D5970 /* Repositories */,
				341855C925FC8CDC0085EDDB /* Assets.xcassets */,
				341855CE25FC8CDC0085EDDB /* Info.plist */,
				34F58A1425FC99A1004D5970 /* GoogleService-Info.plist */,
				341855CB25FC8CDC0085EDDB /* Preview Content */,
			);
			path = iOSChatApp;
			sourceTree = "<group>";
		};
		341855CB25FC8CDC0085EDDB /* Preview Content */ = {
			isa = PBXGroup;
			children = (
				341855CC25FC8CDC0085EDDB /* Preview Assets.xcassets */,
			);
			path = "Preview Content";
			sourceTree = "<group>";
		};
		34C5E3682601391E001C2E6A /* TabViews */ = {
			isa = PBXGroup;
			children = (
				341855C725FC8CDA0085EDDB /* GuildListView.swift */,
				34C5E369260139B4001C2E6A /* OtherView.swift */,
			);
			path = TabViews;
			sourceTree = "<group>";
		};
		34CA84C52600191F007180C2 /* RowViews */ = {
			isa = PBXGroup;
			children = (
				34CA84C62600194E007180C2 /* GuildRowView.swift */,
			);
			path = RowViews;
			sourceTree = "<group>";
		};
		34CA84E126008E3A007180C2 /* AuthViews */ = {
			isa = PBXGroup;
			children = (
				34CA84E226008E63007180C2 /* EmailSignInView.swift */,
				34C5E35F26010CCA001C2E6A /* EmailRegisterView.swift */,
			);
			path = AuthViews;
			sourceTree = "<group>";
		};
		34F58A1925FC9D3E004D5970 /* Repositories */ = {
			isa = PBXGroup;
			children = (
				34A06F002600110D003B5A49 /* MessageRepository.swift */,
				34F58A1A25FC9D6C004D5970 /* GuildRepository.swift */,
				34C5E36226010EE8001C2E6A /* UserRepository.swift */,
			);
			path = Repositories;
			sourceTree = "<group>";
		};
		34F58A1F25FC9D9E004D5970 /* Models */ = {
			isa = PBXGroup;
			children = (
				34F58A2125FC9DB9004D5970 /* Guild.swift */,
				34F58A2925FC9F70004D5970 /* Message.swift */,
				34C5E36526011036001C2E6A /* AppUser.swift */,
			);
			path = Models;
			sourceTree = "<group>";
		};
		4BFD695A3126B26AEE5830A7 /* Pods */ = {
			isa = PBXGroup;
			children = (
				71097116AF3DAD0825BFD739 /* Pods-iOSChatApp.debug.xcconfig */,
				5A48CA1DA609AE224D1376B8 /* Pods-iOSChatApp.release.xcconfig */,
				95BD198850327EEFD03D1697 /* Pods-iOSChatApp-iOSChatAppUITests.debug.xcconfig */,
				083C797266CA3EDC43D562FE /* Pods-iOSChatApp-iOSChatAppUITests.release.xcconfig */,
				8E7C6E2C0F280F4A8EBA7277 /* Pods-iOSChatAppTests.debug.xcconfig */,
				16D61236403C0F8FD5592F08 /* Pods-iOSChatAppTests.release.xcconfig */,
			);
			path = Pods;
			sourceTree = "<group>";
		};
		ABBA3E0747C603D5AC520134 /* Frameworks */ = {
			isa = PBXGroup;
			children = (
				8D32435B6CF41138EBC65A4B /* Pods_iOSChatApp.framework */,
				026B908E15225CEE12F32C82 /* Pods_iOSChatApp_iOSChatAppUITests.framework */,
				B891DFA6853B02F1170C3E34 /* Pods_iOSChatAppTests.framework */,
			);
			name = Frameworks;
			sourceTree = "<group>";
		};
/* End PBXGroup section */

/* Begin PBXNativeTarget section */
		341855C125FC8CDA0085EDDB /* iOSChatApp */ = {
			isa = PBXNativeTarget;
			buildConfigurationList = 341855E725FC8CDD0085EDDB /* Build configuration list for PBXNativeTarget "iOSChatApp" */;
			buildPhases = (
				D60412C50595BBD517E4E7F0 /* [CP] Check Pods Manifest.lock */,
				341855BE25FC8CDA0085EDDB /* Sources */,
				341855BF25FC8CDA0085EDDB /* Frameworks */,
				341855C025FC8CDA0085EDDB /* Resources */,
				DC915B095DB36C5103888249 /* [CP] Embed Pods Frameworks */,
			);
			buildRules = (
			);
			dependencies = (
			);
			name = iOSChatApp;
			productName = iOSChatApp;
			productReference = 341855C225FC8CDA0085EDDB /* iOSChatApp.app */;
			productType = "com.apple.product-type.application";
		};
/* End PBXNativeTarget section */

/* Begin PBXProject section */
		341855BA25FC8CDA0085EDDB /* Project object */ = {
			isa = PBXProject;
			attributes = {
				LastSwiftUpdateCheck = 1240;
				LastUpgradeCheck = 1240;
				TargetAttributes = {
					341855C125FC8CDA0085EDDB = {
						CreatedOnToolsVersion = 12.4;
					};
				};
			};
			buildConfigurationList = 341855BD25FC8CDA0085EDDB /* Build configuration list for PBXProject "iOSChatApp" */;
			compatibilityVersion = "Xcode 9.3";
			developmentRegion = en;
			hasScannedForEncodings = 0;
			knownRegions = (
				en,
				Base,
			);
			mainGroup = 341855B925FC8CDA0085EDDB;
			productRefGroup = 341855C325FC8CDA0085EDDB /* Products */;
			projectDirPath = "";
			projectRoot = "";
			targets = (
				341855C125FC8CDA0085EDDB /* iOSChatApp */,
			);
		};
/* End PBXProject section */

/* Begin PBXResourcesBuildPhase section */
		341855C025FC8CDA0085EDDB /* Resources */ = {
			isa = PBXResourcesBuildPhase;
			buildActionMask = 2147483647;
			files = (
				341855CD25FC8CDC0085EDDB /* Preview Assets.xcassets in Resources */,
				341855CA25FC8CDC0085EDDB /* Assets.xcassets in Resources */,
				34F58A1525FC99A1004D5970 /* GoogleService-Info.plist in Resources */,
			);
			runOnlyForDeploymentPostprocessing = 0;
		};
/* End PBXResourcesBuildPhase section */

/* Begin PBXShellScriptBuildPhase section */
		D60412C50595BBD517E4E7F0 /* [CP] Check Pods Manifest.lock */ = {
			isa = PBXShellScriptBuildPhase;
			buildActionMask = 2147483647;
			files = (
			);
			inputFileListPaths = (
			);
			inputPaths = (
				"${PODS_PODFILE_DIR_PATH}/Podfile.lock",
				"${PODS_ROOT}/Manifest.lock",
			);
			name = "[CP] Check Pods Manifest.lock";
			outputFileListPaths = (
			);
			outputPaths = (
				"$(DERIVED_FILE_DIR)/Pods-iOSChatApp-checkManifestLockResult.txt",
			);
			runOnlyForDeploymentPostprocessing = 0;
			shellPath = /bin/sh;
			shellScript = "diff \"${PODS_PODFILE_DIR_PATH}/Podfile.lock\" \"${PODS_ROOT}/Manifest.lock\" > /dev/null\nif [ $? != 0 ] ; then\n    # print error to STDERR\n    echo \"error: The sandbox is not in sync with the Podfile.lock. Run 'pod install' or update your CocoaPods installation.\" >&2\n    exit 1\nfi\n# This output is used by Xcode 'outputs' to avoid re-running this script phase.\necho \"SUCCESS\" > \"${SCRIPT_OUTPUT_FILE_0}\"\n";
			showEnvVarsInLog = 0;
		};
		DC915B095DB36C5103888249 /* [CP] Embed Pods Frameworks */ = {
			isa = PBXShellScriptBuildPhase;
			buildActionMask = 2147483647;
			files = (
			);
			inputFileListPaths = (
				"${PODS_ROOT}/Target Support Files/Pods-iOSChatApp/Pods-iOSChatApp-frameworks-${CONFIGURATION}-input-files.xcfilelist",
			);
			name = "[CP] Embed Pods Frameworks";
			outputFileListPaths = (
				"${PODS_ROOT}/Target Support Files/Pods-iOSChatApp/Pods-iOSChatApp-frameworks-${CONFIGURATION}-output-files.xcfilelist",
			);
			runOnlyForDeploymentPostprocessing = 0;
			shellPath = /bin/sh;
			shellScript = "\"${PODS_ROOT}/Target Support Files/Pods-iOSChatApp/Pods-iOSChatApp-frameworks.sh\"\n";
			showEnvVarsInLog = 0;
		};
/* End PBXShellScriptBuildPhase section */

/* Begin PBXSourcesBuildPhase section */
		341855BE25FC8CDA0085EDDB /* Sources */ = {
			isa = PBXSourcesBuildPhase;
			buildActionMask = 2147483647;
			files = (
				34C5E36626011036001C2E6A /* AppUser.swift in Sources */,
				34C5E36326010EE8001C2E6A /* UserRepository.swift in Sources */,
				34CA84D926007F1C007180C2 /* MessagesView.swift in Sources */,
				34F58A1B25FC9D6C004D5970 /* GuildRepository.swift in Sources */,
				341855C825FC8CDA0085EDDB /* GuildListView.swift in Sources */,
				34CA84E326008E63007180C2 /* EmailSignInView.swift in Sources */,
				34F58A2A25FC9F70004D5970 /* Message.swift in Sources */,
				34CA84C72600194F007180C2 /* GuildRowView.swift in Sources */,
				34C5E36026010CCA001C2E6A /* EmailRegisterView.swift in Sources */,
				341855C625FC8CDA0085EDDB /* iOSChatAppApp.swift in Sources */,
				34F58A2225FC9DB9004D5970 /* Guild.swift in Sources */,
				34CA84EB260090E9007180C2 /* AppView.swift in Sources */,
				34A06F012600110D003B5A49 /* MessageRepository.swift in Sources */,
				3402AE472600BDB00085B26B /* ChatBubble.swift in Sources */,
				34C5E36A260139B4001C2E6A /* OtherView.swift in Sources */,
			);
			runOnlyForDeploymentPostprocessing = 0;
		};
/* End PBXSourcesBuildPhase section */

/* Begin XCBuildConfiguration section */
		341855E525FC8CDD0085EDDB /* Debug */ = {
			isa = XCBuildConfiguration;
			buildSettings = {
				ALWAYS_SEARCH_USER_PATHS = NO;
				CLANG_ANALYZER_NONNULL = YES;
				CLANG_ANALYZER_NUMBER_OBJECT_CONVERSION = YES_AGGRESSIVE;
				CLANG_CXX_LANGUAGE_STANDARD = "gnu++14";
				CLANG_CXX_LIBRARY = "libc++";
				CLANG_ENABLE_MODULES = YES;
				CLANG_ENABLE_OBJC_ARC = YES;
				CLANG_ENABLE_OBJC_WEAK = YES;
				CLANG_WARN_BLOCK_CAPTURE_AUTORELEASING = YES;
				CLANG_WARN_BOOL_CONVERSION = YES;
				CLANG_WARN_COMMA = YES;
				CLANG_WARN_CONSTANT_CONVERSION = YES;
				CLANG_WARN_DEPRECATED_OBJC_IMPLEMENTATIONS = YES;
				CLANG_WARN_DIRECT_OBJC_ISA_USAGE = YES_ERROR;
				CLANG_WARN_DOCUMENTATION_COMMENTS = YES;
				CLANG_WARN_EMPTY_BODY = YES;
				CLANG_WARN_ENUM_CONVERSION = YES;
				CLANG_WARN_INFINITE_RECURSION = YES;
				CLANG_WARN_INT_CONVERSION = YES;
				CLANG_WARN_NON_LITERAL_NULL_CONVERSION = YES;
				CLANG_WARN_OBJC_IMPLICIT_RETAIN_SELF = YES;
				CLANG_WARN_OBJC_LITERAL_CONVERSION = YES;
				CLANG_WARN_OBJC_ROOT_CLASS = YES_ERROR;
				CLANG_WARN_QUOTED_INCLUDE_IN_FRAMEWORK_HEADER = YES;
				CLANG_WARN_RANGE_LOOP_ANALYSIS = YES;
				CLANG_WARN_STRICT_PROTOTYPES = YES;
				CLANG_WARN_SUSPICIOUS_MOVE = YES;
				CLANG_WARN_UNGUARDED_AVAILABILITY = YES_AGGRESSIVE;
				CLANG_WARN_UNREACHABLE_CODE = YES;
				CLANG_WARN__DUPLICATE_METHOD_MATCH = YES;
				COPY_PHASE_STRIP = NO;
				DEBUG_INFORMATION_FORMAT = dwarf;
				ENABLE_STRICT_OBJC_MSGSEND = YES;
				ENABLE_TESTABILITY = YES;
				GCC_C_LANGUAGE_STANDARD = gnu11;
				GCC_DYNAMIC_NO_PIC = NO;
				GCC_NO_COMMON_BLOCKS = YES;
				GCC_OPTIMIZATION_LEVEL = 0;
				GCC_PREPROCESSOR_DEFINITIONS = (
					"DEBUG=1",
					"$(inherited)",
				);
				GCC_WARN_64_TO_32_BIT_CONVERSION = YES;
				GCC_WARN_ABOUT_RETURN_TYPE = YES_ERROR;
				GCC_WARN_UNDECLARED_SELECTOR = YES;
				GCC_WARN_UNINITIALIZED_AUTOS = YES_AGGRESSIVE;
				GCC_WARN_UNUSED_FUNCTION = YES;
				GCC_WARN_UNUSED_VARIABLE = YES;
				IPHONEOS_DEPLOYMENT_TARGET = 14.4;
				MTL_ENABLE_DEBUG_INFO = INCLUDE_SOURCE;
				MTL_FAST_MATH = YES;
				ONLY_ACTIVE_ARCH = YES;
				SDKROOT = iphoneos;
				SWIFT_ACTIVE_COMPILATION_CONDITIONS = DEBUG;
				SWIFT_OPTIMIZATION_LEVEL = "-Onone";
			};
			name = Debug;
		};
		341855E625FC8CDD0085EDDB /* Release */ = {
			isa = XCBuildConfiguration;
			buildSettings = {
				ALWAYS_SEARCH_USER_PATHS = NO;
				CLANG_ANALYZER_NONNULL = YES;
				CLANG_ANALYZER_NUMBER_OBJECT_CONVERSION = YES_AGGRESSIVE;
				CLANG_CXX_LANGUAGE_STANDARD = "gnu++14";
				CLANG_CXX_LIBRARY = "libc++";
				CLANG_ENABLE_MODULES = YES;
				CLANG_ENABLE_OBJC_ARC = YES;
				CLANG_ENABLE_OBJC_WEAK = YES;
				CLANG_WARN_BLOCK_CAPTURE_AUTORELEASING = YES;
				CLANG_WARN_BOOL_CONVERSION = YES;
				CLANG_WARN_COMMA = YES;
				CLANG_WARN_CONSTANT_CONVERSION = YES;
				CLANG_WARN_DEPRECATED_OBJC_IMPLEMENTATIONS = YES;
				CLANG_WARN_DIRECT_OBJC_ISA_USAGE = YES_ERROR;
				CLANG_WARN_DOCUMENTATION_COMMENTS = YES;
				CLANG_WARN_EMPTY_BODY = YES;
				CLANG_WARN_ENUM_CONVERSION = YES;
				CLANG_WARN_INFINITE_RECURSION = YES;
				CLANG_WARN_INT_CONVERSION = YES;
				CLANG_WARN_NON_LITERAL_NULL_CONVERSION = YES;
				CLANG_WARN_OBJC_IMPLICIT_RETAIN_SELF = YES;
				CLANG_WARN_OBJC_LITERAL_CONVERSION = YES;
				CLANG_WARN_OBJC_ROOT_CLASS = YES_ERROR;
				CLANG_WARN_QUOTED_INCLUDE_IN_FRAMEWORK_HEADER = YES;
				CLANG_WARN_RANGE_LOOP_ANALYSIS = YES;
				CLANG_WARN_STRICT_PROTOTYPES = YES;
				CLANG_WARN_SUSPICIOUS_MOVE = YES;
				CLANG_WARN_UNGUARDED_AVAILABILITY = YES_AGGRESSIVE;
				CLANG_WARN_UNREACHABLE_CODE = YES;
				CLANG_WARN__DUPLICATE_METHOD_MATCH = YES;
				COPY_PHASE_STRIP = NO;
				DEBUG_INFORMATION_FORMAT = "dwarf-with-dsym";
				ENABLE_NS_ASSERTIONS = NO;
				ENABLE_STRICT_OBJC_MSGSEND = YES;
				GCC_C_LANGUAGE_STANDARD = gnu11;
				GCC_NO_COMMON_BLOCKS = YES;
				GCC_WARN_64_TO_32_BIT_CONVERSION = YES;
				GCC_WARN_ABOUT_RETURN_TYPE = YES_ERROR;
				GCC_WARN_UNDECLARED_SELECTOR = YES;
				GCC_WARN_UNINITIALIZED_AUTOS = YES_AGGRESSIVE;
				GCC_WARN_UNUSED_FUNCTION = YES;
				GCC_WARN_UNUSED_VARIABLE = YES;
				IPHONEOS_DEPLOYMENT_TARGET = 14.4;
				MTL_ENABLE_DEBUG_INFO = NO;
				MTL_FAST_MATH = YES;
				SDKROOT = iphoneos;
				SWIFT_COMPILATION_MODE = wholemodule;
				SWIFT_OPTIMIZATION_LEVEL = "-O";
				VALIDATE_PRODUCT = YES;
			};
			name = Release;
		};
		341855E825FC8CDD0085EDDB /* Debug */ = {
			isa = XCBuildConfiguration;
			baseConfigurationReference = 71097116AF3DAD0825BFD739 /* Pods-iOSChatApp.debug.xcconfig */;
			buildSettings = {
				ASSETCATALOG_COMPILER_APPICON_NAME = AppIcon;
				ASSETCATALOG_COMPILER_GLOBAL_ACCENT_COLOR_NAME = AccentColor;
				CODE_SIGN_STYLE = Automatic;
				DEVELOPMENT_ASSET_PATHS = "\"iOSChatApp/Preview Content\"";
				DEVELOPMENT_TEAM = U29V6K83J6;
				ENABLE_PREVIEWS = YES;
				INFOPLIST_FILE = iOSChatApp/Info.plist;
				IPHONEOS_DEPLOYMENT_TARGET = 14.0;
				LD_RUNPATH_SEARCH_PATHS = (
					"$(inherited)",
					"@executable_path/Frameworks",
				);
				PRODUCT_BUNDLE_IDENTIFIER = com.mysterycoder456.iOSChatApp;
				PRODUCT_NAME = "$(TARGET_NAME)";
				SWIFT_VERSION = 5.0;
				TARGETED_DEVICE_FAMILY = "1,2";
			};
			name = Debug;
		};
		341855E925FC8CDD0085EDDB /* Release */ = {
			isa = XCBuildConfiguration;
			baseConfigurationReference = 5A48CA1DA609AE224D1376B8 /* Pods-iOSChatApp.release.xcconfig */;
			buildSettings = {
				ASSETCATALOG_COMPILER_APPICON_NAME = AppIcon;
				ASSETCATALOG_COMPILER_GLOBAL_ACCENT_COLOR_NAME = AccentColor;
				CODE_SIGN_STYLE = Automatic;
				DEVELOPMENT_ASSET_PATHS = "\"iOSChatApp/Preview Content\"";
				DEVELOPMENT_TEAM = U29V6K83J6;
				ENABLE_PREVIEWS = YES;
				INFOPLIST_FILE = iOSChatApp/Info.plist;
				IPHONEOS_DEPLOYMENT_TARGET = 14.0;
				LD_RUNPATH_SEARCH_PATHS = (
					"$(inherited)",
					"@executable_path/Frameworks",
				);
				PRODUCT_BUNDLE_IDENTIFIER = com.mysterycoder456.iOSChatApp;
				PRODUCT_NAME = "$(TARGET_NAME)";
				SWIFT_VERSION = 5.0;
				TARGETED_DEVICE_FAMILY = "1,2";
			};
			name = Release;
		};
/* End XCBuildConfiguration section */

/* Begin XCConfigurationList section */
		341855BD25FC8CDA0085EDDB /* Build configuration list for PBXProject "iOSChatApp" */ = {
			isa = XCConfigurationList;
			buildConfigurations = (
				341855E525FC8CDD0085EDDB /* Debug */,
				341855E625FC8CDD0085EDDB /* Release */,
			);
			defaultConfigurationIsVisible = 0;
			defaultConfigurationName = Release;
		};
		341855E725FC8CDD0085EDDB /* Build configuration list for PBXNativeTarget "iOSChatApp" */ = {
			isa = XCConfigurationList;
			buildConfigurations = (
				341855E825FC8CDD0085EDDB /* Debug */,
				341855E925FC8CDD0085EDDB /* Release */,
			);
			defaultConfigurationIsVisible = 0;
			defaultConfigurationName = Release;
		};
/* End XCConfigurationList section */
	};
	rootObject = 341855BA25FC8CDA0085EDDB /* Project object */;
}
